
Microsoft Visual Studio Solution File, Format Version 12.00
# Visual Studio Version 17
VisualStudioVersion = 17.9.34701.34
MinimumVisualStudioVersion = 10.0.40219.1
Project("{FAE04EC0-301F-11D3-BF4B-00C04F79EFBC}") = "Project_Lab_PSD", "Project_Lab_PSD\Project_Lab_PSD.csproj", "{0E393463-7670-468B-8F02-31528BD3391B}"
EndProject
Global
	GlobalSection(SolutionConfigurationPlatforms) = preSolution
		Debug|Any CPU = Debug|Any CPU
		Release|Any CPU = Release|Any CPU
	EndGlobalSection
	GlobalSection(ProjectConfigurationPlatforms) = postSolution
		{0E393463-7670-468B-8F02-31528BD3391B}.Debug|Any CPU.ActiveCfg = Debug|Any CPU
		{0E393463-7670-468B-8F02-31528BD3391B}.Debug|Any CPU.Build.0 = Debug|Any CPU
		{0E393463-7670-468B-8F02-31528BD3391B}.Release|Any CPU.ActiveCfg = Release|Any CPU
		{0E393463-7670-468B-8F02-31528BD3391B}.Release|Any CPU.Build.0 = Release|Any CPU
	EndGlobalSection
	GlobalSection(SolutionProperties) = preSolution
		HideSolutionNode = FALSE
	EndGlobalSection
	GlobalSection(ExtensibilityGlobals) = postSolution
		SolutionGuid = {873C78BE-A9F2-43A7-9E9D-16C80BD717BE}
	EndGlobalSection
EndGlobal
